
Microsoft Visual Studio Solution File, Format Version 12.00
# Visual Studio Version 17
VisualStudioVersion = 17.12.35707.178
MinimumVisualStudioVersion = 10.0.40219.1
Project("{FAE04EC0-301F-11D3-BF4B-00C04F79EFBC}") = "LU2_API_Herkansing", "WebApi\LU2_API_Herkansing.csproj", "{9FBF75EB-6601-BA5D-C009-2269257CA80B}"
EndProject
Project("{FAE04EC0-301F-11D3-BF4B-00C04F79EFBC}") = "APITests", "Tests\APITests.csproj", "{775771CD-8238-085C-40A5-28924ED5EDD6}"
EndProject
Global
	GlobalSection(SolutionConfigurationPlatforms) = preSolution
		Debug|Any CPU = Debug|Any CPU
		Release|Any CPU = Release|Any CPU
	EndGlobalSection
	GlobalSection(ProjectConfigurationPlatforms) = postSolution
		{9FBF75EB-6601-BA5D-C009-2269257CA80B}.Debug|Any CPU.ActiveCfg = Debug|Any CPU
		{9FBF75EB-6601-BA5D-C009-2269257CA80B}.Debug|Any CPU.Build.0 = Debug|Any CPU
		{9FBF75EB-6601-BA5D-C009-2269257CA80B}.Release|Any CPU.ActiveCfg = Release|Any CPU
		{9FBF75EB-6601-BA5D-C009-2269257CA80B}.Release|Any CPU.Build.0 = Release|Any CPU
		{775771CD-8238-085C-40A5-28924ED5EDD6}.Debug|Any CPU.ActiveCfg = Debug|Any CPU
		{775771CD-8238-085C-40A5-28924ED5EDD6}.Debug|Any CPU.Build.0 = Debug|Any CPU
		{775771CD-8238-085C-40A5-28924ED5EDD6}.Release|Any CPU.ActiveCfg = Release|Any CPU
		{775771CD-8238-085C-40A5-28924ED5EDD6}.Release|Any CPU.Build.0 = Release|Any CPU
	EndGlobalSection
	GlobalSection(SolutionProperties) = preSolution
		HideSolutionNode = FALSE
	EndGlobalSection
	GlobalSection(ExtensibilityGlobals) = postSolution
		SolutionGuid = {EFF14CAE-8045-4215-B146-09D7691600B9}
	EndGlobalSection
EndGlobal
